
Microsoft Visual Studio Solution File, Format Version 12.00
# Visual Studio 15
VisualStudioVersion = 15.0.28307.136
MinimumVisualStudioVersion = 10.0.40219.1
Project("{FAE04EC0-301F-11D3-BF4B-00C04F79EFBC}") = "Calendar.Dart", "Calendar.Dart\Calendar.Dart.csproj", "{C8345EF9-CADD-4BC0-A0F2-3CA8B16B9213}"
EndProject
Global
	GlobalSection(SolutionConfigurationPlatforms) = preSolution
		Debug|Any CPU = Debug|Any CPU
		Release|Any CPU = Release|Any CPU
	EndGlobalSection
	GlobalSection(ProjectConfigurationPlatforms) = postSolution
		{C8345EF9-CADD-4BC0-A0F2-3CA8B16B9213}.Debug|Any CPU.ActiveCfg = Debug|Any CPU
		{C8345EF9-CADD-4BC0-A0F2-3CA8B16B9213}.Debug|Any CPU.Build.0 = Debug|Any CPU
		{C8345EF9-CADD-4BC0-A0F2-3CA8B16B9213}.Release|Any CPU.ActiveCfg = Release|Any CPU
		{C8345EF9-CADD-4BC0-A0F2-3CA8B16B9213}.Release|Any CPU.Build.0 = Release|Any CPU
	EndGlobalSection
	GlobalSection(SolutionProperties) = preSolution
		HideSolutionNode = FALSE
	EndGlobalSection
	GlobalSection(ExtensibilityGlobals) = postSolution
		SolutionGuid = {929B6B2F-5C53-4EF3-BFE1-0A3AF5082CAB}
	EndGlobalSection
EndGlobal
